Microsoft Visual Studio Solution File, Format Version 12.00
# Visual Studio 2013
VisualStudioVersion = 12.0.21005.1
MinimumVisualStudioVersion = 10.0.40219.1
Project("{FAE04EC0-301F-11D3-BF4B-00C04F79EFBC}") = "Q158708.SL", "Q158708.SL.csproj", "{D4DBFD8E-6F55-46B1-8C47-A7016E25B88D}"
EndProject
Global
	GlobalSection(SolutionConfigurationPlatforms) = preSolution
		Debug|Any CPU = Debug|Any CPU
		Debug|Mixed Platforms = Debug|Mixed Platforms
		Debug|x86 = Debug|x86
		Release|Any CPU = Release|Any CPU
		Release|Mixed Platforms = Release|Mixed Platforms
		Release|x86 = Release|x86
	EndGlobalSection
	GlobalSection(ProjectConfigurationPlatforms) = postSolution
		{D4DBFD8E-6F55-46B1-8C47-A7016E25B88D}.Debug|Any CPU.ActiveCfg = Debug|Any CPU
		{D4DBFD8E-6F55-46B1-8C47-A7016E25B88D}.Debug|Any CPU.Build.0 = Debug|Any CPU
		{D4DBFD8E-6F55-46B1-8C47-A7016E25B88D}.Debug|Mixed Platforms.ActiveCfg = Debug|Any CPU
		{D4DBFD8E-6F55-46B1-8C47-A7016E25B88D}.Debug|Mixed Platforms.Build.0 = Debug|Any CPU
		{D4DBFD8E-6F55-46B1-8C47-A7016E25B88D}.Debug|x86.ActiveCfg = Debug|Any CPU
		{D4DBFD8E-6F55-46B1-8C47-A7016E25B88D}.Release|Any CPU.ActiveCfg = Release|Any CPU
		{D4DBFD8E-6F55-46B1-8C47-A7016E25B88D}.Release|Any CPU.Build.0 = Release|Any CPU
		{D4DBFD8E-6F55-46B1-8C47-A7016E25B88D}.Release|Mixed Platforms.ActiveCfg = Release|Any CPU
		{D4DBFD8E-6F55-46B1-8C47-A7016E25B88D}.Release|Mixed Platforms.Build.0 = Release|Any CPU
		{D4DBFD8E-6F55-46B1-8C47-A7016E25B88D}.Release|x86.ActiveCfg = Release|Any CPU
	EndGlobalSection
	GlobalSection(SolutionProperties) = preSolution
		HideSolutionNode = FALSE
	EndGlobalSection
EndGlobal
